// !$*UTF8*$!
{
	archiveVersion = 1;
	classes = {
	};
	objectVersion = 50;
	objects = {

/* Begin PBXBuildFile section */
		F9C30180225D879000FAE5EF /* AppDelegate.swift in Sources */ = {isa = PBXBuildFile; fileRef = F9C3017F225D879000FAE5EF /* AppDelegate.swift */; };
		F9C30182225D879000FAE5EF /* ViewController.swift in Sources */ = {isa = PBXBuildFile; fileRef = F9C30181225D879000FAE5EF /* ViewController.swift */; };
		F9C30185225D879000FAE5EF /* Main.storyboard in Resources */ = {isa = PBXBuildFile; fileRef = F9C30183225D879000FAE5EF /* Main.storyboard */; };
		F9C30187225D879200FAE5EF /* Assets.xcassets in Resources */ = {isa = PBXBuildFile; fileRef = F9C30186225D879200FAE5EF /* Assets.xcassets */; };
		F9C3018A225D879200FAE5EF /* LaunchScreen.storyboard in Resources */ = {isa = PBXBuildFile; fileRef = F9C30188225D879200FAE5EF /* LaunchScreen.storyboard */; };
		F9C30195225D879200FAE5EF /* PhotoMasterTests.swift in Sources */ = {isa = PBXBuildFile; fileRef = F9C30194225D879200FAE5EF /* PhotoMasterTests.swift */; };
		F9C301A0225D879200FAE5EF /* PhotoMasterUITests.swift in Sources */ = {isa = PBXBuildFile; fileRef = F9C3019F225D879200FAE5EF /* PhotoMasterUITests.swift */; };
/* End PBXBuildFile section */

/* Begin PBXContainerItemProxy section */
		F9C30191225D879200FAE5EF /* PBXContainerItemProxy */ = {
			isa = PBXContainerItemProxy;
			containerPortal = F9C30174225D879000FAE5EF /* Project object */;
			proxyType = 1;
			remoteGlobalIDString = F9C3017B225D879000FAE5EF;
			remoteInfo = PhotoMaster;
		};
		F9C3019C225D879200FAE5EF /* PBXContainerItemProxy */ = {
			isa = PBXContainerItemProxy;
			containerPortal = F9C30174225D879000FAE5EF /* Project object */;
			proxyType = 1;
			remoteGlobalIDString = F9C3017B225D879000FAE5EF;
			remoteInfo = PhotoMaster;
		};
/* End PBXContainerItemProxy section */

/* Begin PBXFileReference section */
		F9C3017C225D879000FAE5EF /* PhotoMaster.app */ = {isa = PBXFileReference; explicitFileType = wrapper.application; includeInIndex = 0; path = PhotoMaster.app; sourceTree = BUILT_PRODUCTS_DIR; };
		F9C3017F225D879000FAE5EF /* AppDelegate.swift */ = {isa = PBXFileReference; lastKnownFileType = sourcecode.swift; path = AppDelegate.swift; sourceTree = "<group>"; };
		F9C30181225D879000FAE5EF /* ViewController.swift */ = {isa = PBXFileReference; lastKnownFileType = sourcecode.swift; path = ViewController.swift; sourceTree = "<group>"; };
		F9C30184225D879000FAE5EF /* Base */ = {isa = PBXFileReference; lastKnownFileType = file.storyboard; name = Base; path = Base.lproj/Main.storyboard; sourceTree = "<group>"; };
		F9C30186225D879200FAE5EF /* Assets.xcassets */ = {isa = PBXFileReference; lastKnownFileType = folder.assetcatalog; path = Assets.xcassets; sourceTree = "<group>"; };
		F9C30189225D879200FAE5EF /* Base */ = {isa = PBXFileReference; lastKnownFileType = file.storyboard; name = Base; path = Base.lproj/LaunchScreen.storyboard; sourceTree = "<group>"; };
		F9C3018B225D879200FAE5EF /* Info.plist */ = {isa = PBXFileReference; lastKnownFileType = text.plist.xml; path = Info.plist; sourceTree = "<group>"; };
		F9C30190225D879200FAE5EF /* PhotoMasterTests.xctest */ = {isa = PBXFileReference; explicitFileType = wrapper.cfbundle; includeInIndex = 0; path = PhotoMasterTests.xctest; sourceTree = BUILT_PRODUCTS_DIR; };
		F9C30194225D879200FAE5EF /* PhotoMasterTests.swift */ = {isa = PBXFileReference; lastKnownFileType = sourcecode.swift; path = PhotoMasterTests.swift; sourceTree = "<group>"; };
		F9C30196225D879200FAE5EF /* Info.plist */ = {isa = PBXFileReference; lastKnownFileType = text.plist.xml; path = Info.plist; sourceTree = "<group>"; };
		F9C3019B225D879200FAE5EF /* PhotoMasterUITests.xctest */ = {isa = PBXFileReference; explicitFileType = wrapper.cfbundle; includeInIndex = 0; path = PhotoMasterUITests.xctest; sourceTree = BUILT_PRODUCTS_DIR; };
		F9C3019F225D879200FAE5EF /* PhotoMasterUITests.swift */ = {isa = PBXFileReference; lastKnownFileType = sourcecode.swift; path = PhotoMasterUITests.swift; sourceTree = "<group>"; };
		F9C301A1225D879200FAE5EF /* Info.plist */ = {isa = PBXFileReference; lastKnownFileType = text.plist.xml; path = Info.plist; sourceTree = "<group>"; };
/* End PBXFileReference section */

/* Begin PBXFrameworksBuildPhase section */
		F9C30179225D879000FAE5EF /* Frameworks */ = {
			isa = PBXFrameworksBuildPhase;
			buildActionMask = 2147483647;
			files = (
			);
			runOnlyForDeploymentPostprocessing = 0;
		};
		F9C3018D225D879200FAE5EF /* Frameworks */ = {
			isa = PBXFrameworksBuildPhase;
			buildActionMask = 2147483647;
			files = (
			);
			runOnlyForDeploymentPostprocessing = 0;
		};
		F9C30198225D879200FAE5EF /* Frameworks */ = {
			isa = PBXFrameworksBuildPhase;
			buildActionMask = 2147483647;
			files = (
			);
			runOnlyForDeploymentPostprocessing = 0;
		};
/* End PBXFrameworksBuildPhase section */

/* Begin PBXGroup section */
		F9C30173225D879000FAE5EF = {
			isa = PBXGroup;
			children = (
				F9C3017E225D879000FAE5EF /* PhotoMaster */,
				F9C30193225D879200FAE5EF /* PhotoMasterTests */,
				F9C3019E225D879200FAE5EF /* PhotoMasterUITests */,
				F9C3017D225D879000FAE5EF /* Products */,
			);
			sourceTree = "<group>";
		};
		F9C3017D225D879000FAE5EF /* Products */ = {
			isa = PBXGroup;
			children = (
				F9C3017C225D879000FAE5EF /* PhotoMaster.app */,
				F9C30190225D879200FAE5EF /* PhotoMasterTests.xctest */,
				F9C3019B225D879200FAE5EF /* PhotoMasterUITests.xctest */,
			);
			name = Products;
			sourceTree = "<group>";
		};
		F9C3017E225D879000FAE5EF /* PhotoMaster */ = {
			isa = PBXGroup;
			children = (
				F9C3017F225D879000FAE5EF /* AppDelegate.swift */,
				F9C30181225D879000FAE5EF /* ViewController.swift */,
				F9C30183225D879000FAE5EF /* Main.storyboard */,
				F9C30186225D879200FAE5EF /* Assets.xcassets */,
				F9C30188225D879200FAE5EF /* LaunchScreen.storyboard */,
				F9C3018B225D879200FAE5EF /* Info.plist */,
			);
			path = PhotoMaster;
			sourceTree = "<group>";
		};
		F9C30193225D879200FAE5EF /* PhotoMasterTests */ = {
			isa = PBXGroup;
			children = (
				F9C30194225D879200FAE5EF /* PhotoMasterTests.swift */,
				F9C30196225D879200FAE5EF /* Info.plist */,
			);
			path = PhotoMasterTests;
			sourceTree = "<group>";
		};
		F9C3019E225D879200FAE5EF /* PhotoMasterUITests */ = {
			isa = PBXGroup;
			children = (
				F9C3019F225D879200FAE5EF /* PhotoMasterUITests.swift */,
				F9C301A1225D879200FAE5EF /* Info.plist */,
			);
			path = PhotoMasterUITests;
			sourceTree = "<group>";
		};
/* End PBXGroup section */

/* Begin PBXNativeTarget section */
		F9C3017B225D879000FAE5EF /* PhotoMaster */ = {
			isa = PBXNativeTarget;
			buildConfigurationList = F9C301A4225D879200FAE5EF /* Build configuration list for PBXNativeTarget "PhotoMaster" */;
			buildPhases = (
				F9C30178225D879000FAE5EF /* Sources */,
				F9C30179225D879000FAE5EF /* Frameworks */,
				F9C3017A225D879000FAE5EF /* Resources */,
			);
			buildRules = (
			);
			dependencies = (
			);
			name = PhotoMaster;
			productName = PhotoMaster;
			productReference = F9C3017C225D879000FAE5EF /* PhotoMaster.app */;
			productType = "com.apple.product-type.application";
		};
		F9C3018F225D879200FAE5EF /* PhotoMasterTests */ = {
			isa = PBXNativeTarget;
			buildConfigurationList = F9C301A7225D879200FAE5EF /* Build configuration list for PBXNativeTarget "PhotoMasterTests" */;
			buildPhases = (
				F9C3018C225D879200FAE5EF /* Sources */,
				F9C3018D225D879200FAE5EF /* Frameworks */,
				F9C3018E225D879200FAE5EF /* Resources */,
			);
			buildRules = (
			);
			dependencies = (
				F9C30192225D879200FAE5EF /* PBXTargetDependency */,
			);
			name = PhotoMasterTests;
			productName = PhotoMasterTests;
			productReference = F9C30190225D879200FAE5EF /* PhotoMasterTests.xctest */;
			productType = "com.apple.product-type.bundle.unit-test";
		};
		F9C3019A225D879200FAE5EF /* PhotoMasterUITests */ = {
			isa = PBXNativeTarget;
			buildConfigurationList = F9C301AA225D879200FAE5EF /* Build configuration list for PBXNativeTarget "PhotoMasterUITests" */;
			buildPhases = (
				F9C30197225D879200FAE5EF /* Sources */,
				F9C30198225D879200FAE5EF /* Frameworks */,
				F9C30199225D879200FAE5EF /* Resources */,
			);
			buildRules = (
			);
			dependencies = (
				F9C3019D225D879200FAE5EF /* PBXTargetDependency */,
			);
			name = PhotoMasterUITests;
			productName = PhotoMasterUITests;
			productReference = F9C3019B225D879200FAE5EF /* PhotoMasterUITests.xctest */;
			productType = "com.apple.product-type.bundle.ui-testing";
		};
/* End PBXNativeTarget section */

/* Begin PBXProject section */
		F9C30174225D879000FAE5EF /* Project object */ = {
			isa = PBXProject;
			attributes = {
				LastSwiftUpdateCheck = 1010;
				LastUpgradeCheck = 1010;
				ORGANIZATIONNAME = litech;
				TargetAttributes = {
					F9C3017B225D879000FAE5EF = {
						CreatedOnToolsVersion = 10.1;
					};
					F9C3018F225D879200FAE5EF = {
						CreatedOnToolsVersion = 10.1;
						TestTargetID = F9C3017B225D879000FAE5EF;
					};
					F9C3019A225D879200FAE5EF = {
						CreatedOnToolsVersion = 10.1;
						TestTargetID = F9C3017B225D879000FAE5EF;
					};
				};
			};
			buildConfigurationList = F9C30177225D879000FAE5EF /* Build configuration list for PBXProject "PhotoMaster" */;
			compatibilityVersion = "Xcode 9.3";
			developmentRegion = en;
			hasScannedForEncodings = 0;
			knownRegions = (
				en,
				Base,
			);
			mainGroup = F9C30173225D879000FAE5EF;
			productRefGroup = F9C3017D225D879000FAE5EF /* Products */;
			projectDirPath = "";
			projectRoot = "";
			targets = (
				F9C3017B225D879000FAE5EF /* PhotoMaster */,
				F9C3018F225D879200FAE5EF /* PhotoMasterTests */,
				F9C3019A225D879200FAE5EF /* PhotoMasterUITests */,
			);
		};
/* End PBXProject section */

/* Begin PBXResourcesBuildPhase section */
		F9C3017A225D879000FAE5EF /* Resources */ = {
			isa = PBXResourcesBuildPhase;
			buildActionMask = 2147483647;
			files = (
				F9C3018A225D879200FAE5EF /* LaunchScreen.storyboard in Resources */,
				F9C30187225D879200FAE5EF /* Assets.xcassets in Resources */,
				F9C30185225D879000FAE5EF /* Main.storyboard in Resources */,
			);
			runOnlyForDeploymentPostprocessing = 0;
		};
		F9C3018E225D879200FAE5EF /* Resources */ = {
			isa = PBXResourcesBuildPhase;
			buildActionMask = 2147483647;
			files = (
			);
			runOnlyForDeploymentPostprocessing = 0;
		};
		F9C30199225D879200FAE5EF /* Resources */ = {
			isa = PBXResourcesBuildPhase;
			buildActionMask = 2147483647;
			files = (
			);
			runOnlyForDeploymentPostprocessing = 0;
		};
/* End PBXResourcesBuildPhase section */

/* Begin PBXSourcesBuildPhase section */
		F9C30178225D879000FAE5EF /* Sources */ = {
			isa = PBXSourcesBuildPhase;
			buildActionMask = 2147483647;
			files = (
				F9C30182225D879000FAE5EF /* ViewController.swift in Sources */,
				F9C30180225D879000FAE5EF /* AppDelegate.swift in Sources */,
			);
			runOnlyForDeploymentPostprocessing = 0;
		};
		F9C3018C225D879200FAE5EF /* Sources */ = {
			isa = PBXSourcesBuildPhase;
			buildActionMask = 2147483647;
			files = (
				F9C30195225D879200FAE5EF /* PhotoMasterTests.swift in Sources */,
			);
			runOnlyForDeploymentPostprocessing = 0;
		};
		F9C30197225D879200FAE5EF /* Sources */ = {
			isa = PBXSourcesBuildPhase;
			buildActionMask = 2147483647;
			files = (
				F9C301A0225D879200FAE5EF /* PhotoMasterUITests.swift in Sources */,
			);
			runOnlyForDeploymentPostprocessing = 0;
		};
/* End PBXSourcesBuildPhase section */

/* Begin PBXTargetDependency section */
		F9C30192225D879200FAE5EF /* PBXTargetDependency */ = {
			isa = PBXTargetDependency;
			target = F9C3017B225D879000FAE5EF /* PhotoMaster */;
			targetProxy = F9C30191225D879200FAE5EF /* PBXContainerItemProxy */;
		};
		F9C3019D225D879200FAE5EF /* PBXTargetDependency */ = {
			isa = PBXTargetDependency;
			target = F9C3017B225D879000FAE5EF /* PhotoMaster */;
			targetProxy = F9C3019C225D879200FAE5EF /* PBXContainerItemProxy */;
		};
/* End PBXTargetDependency section */

/* Begin PBXVariantGroup section */
		F9C30183225D879000FAE5EF /* Main.storyboard */ = {
			isa = PBXVariantGroup;
			children = (
				F9C30184225D879000FAE5EF /* Base */,
			);
			name = Main.storyboard;
			sourceTree = "<group>";
		};
		F9C30188225D879200FAE5EF /* LaunchScreen.storyboard */ = {
			isa = PBXVariantGroup;
			children = (
				F9C30189225D879200FAE5EF /* Base */,
			);
			name = LaunchScreen.storyboard;
			sourceTree = "<group>";
		};
/* End PBXVariantGroup section */

/* Begin XCBuildConfiguration section */
		F9C301A2225D879200FAE5EF /* Debug */ = {
			isa = XCBuildConfiguration;
			buildSettings = {
				ALWAYS_SEARCH_USER_PATHS = NO;
				CLANG_ANALYZER_NONNULL = YES;
				CLANG_ANALYZER_NUMBER_OBJECT_CONVERSION = YES_AGGRESSIVE;
				CLANG_CXX_LANGUAGE_STANDARD = "gnu++14";
				CLANG_CXX_LIBRARY = "libc++";
				CLANG_ENABLE_MODULES = YES;
				CLANG_ENABLE_OBJC_ARC = YES;
				CLANG_ENABLE_OBJC_WEAK = YES;
				CLANG_WARN_BLOCK_CAPTURE_AUTORELEASING = YES;
				CLANG_WARN_BOOL_CONVERSION = YES;
				CLANG_WARN_COMMA = YES;
				CLANG_WARN_CONSTANT_CONVERSION = YES;
				CLANG_WARN_DEPRECATED_OBJC_IMPLEMENTATIONS = YES;
				CLANG_WARN_DIRECT_OBJC_ISA_USAGE = YES_ERROR;
				CLANG_WARN_DOCUMENTATION_COMMENTS = YES;
				CLANG_WARN_EMPTY_BODY = YES;
				CLANG_WARN_ENUM_CONVERSION = YES;
				CLANG_WARN_INFINITE_RECURSION = YES;
				CLANG_WARN_INT_CONVERSION = YES;
				CLANG_WARN_NON_LITERAL_NULL_CONVERSION = YES;
				CLANG_WARN_OBJC_IMPLICIT_RETAIN_SELF = YES;
				CLANG_WARN_OBJC_LITERAL_CONVERSION = YES;
				CLANG_WARN_OBJC_ROOT_CLASS = YES_ERROR;
				CLANG_WARN_RANGE_LOOP_ANALYSIS = YES;
				CLANG_WARN_STRICT_PROTOTYPES = YES;
				CLANG_WARN_SUSPICIOUS_MOVE = YES;
				CLANG_WARN_UNGUARDED_AVAILABILITY = YES_AGGRESSIVE;
				CLANG_WARN_UNREACHABLE_CODE = YES;
				CLANG_WARN__DUPLICATE_METHOD_MATCH = YES;
				CODE_SIGN_IDENTITY = "iPhone Developer";
				COPY_PHASE_STRIP = NO;
				DEBUG_INFORMATION_FORMAT = dwarf;
				ENABLE_STRICT_OBJC_MSGSEND = YES;
				ENABLE_TESTABILITY = YES;
				GCC_C_LANGUAGE_STANDARD = gnu11;
				GCC_DYNAMIC_NO_PIC = NO;
				GCC_NO_COMMON_BLOCKS = YES;
				GCC_OPTIMIZATION_LEVEL = 0;
				GCC_PREPROCESSOR_DEFINITIONS = (
					"DEBUG=1",
					"$(inherited)",
				);
				GCC_WARN_64_TO_32_BIT_CONVERSION = YES;
				GCC_WARN_ABOUT_RETURN_TYPE = YES_ERROR;
				GCC_WARN_UNDECLARED_SELECTOR = YES;
				GCC_WARN_UNINITIALIZED_AUTOS = YES_AGGRESSIVE;
				GCC_WARN_UNUSED_FUNCTION = YES;
				GCC_WARN_UNUSED_VARIABLE = YES;
				IPHONEOS_DEPLOYMENT_TARGET = 12.1;
				MTL_ENABLE_DEBUG_INFO = INCLUDE_SOURCE;
				MTL_FAST_MATH = YES;
				ONLY_ACTIVE_ARCH = YES;
				SDKROOT = iphoneos;
				SWIFT_ACTIVE_COMPILATION_CONDITIONS = DEBUG;
				SWIFT_OPTIMIZATION_LEVEL = "-Onone";
			};
			name = Debug;
		};
		F9C301A3225D879200FAE5EF /* Release */ = {
			isa = XCBuildConfiguration;
			buildSettings = {
				ALWAYS_SEARCH_USER_PATHS = NO;
				CLANG_ANALYZER_NONNULL = YES;
				CLANG_ANALYZER_NUMBER_OBJECT_CONVERSION = YES_AGGRESSIVE;
				CLANG_CXX_LANGUAGE_STANDARD = "gnu++14";
				CLANG_CXX_LIBRARY = "libc++";
				CLANG_ENABLE_MODULES = YES;
				CLANG_ENABLE_OBJC_ARC = YES;
				CLANG_ENABLE_OBJC_WEAK = YES;
				CLANG_WARN_BLOCK_CAPTURE_AUTORELEASING = YES;
				CLANG_WARN_BOOL_CONVERSION = YES;
				CLANG_WARN_COMMA = YES;
				CLANG_WARN_CONSTANT_CONVERSION = YES;
				CLANG_WARN_DEPRECATED_OBJC_IMPLEMENTATIONS = YES;
				CLANG_WARN_DIRECT_OBJC_ISA_USAGE = YES_ERROR;
				CLANG_WARN_DOCUMENTATION_COMMENTS = YES;
				CLANG_WARN_EMPTY_BODY = YES;
				CLANG_WARN_ENUM_CONVERSION = YES;
				CLANG_WARN_INFINITE_RECURSION = YES;
				CLANG_WARN_INT_CONVERSION = YES;
				CLANG_WARN_NON_LITERAL_NULL_CONVERSION = YES;
				CLANG_WARN_OBJC_IMPLICIT_RETAIN_SELF = YES;
				CLANG_WARN_OBJC_LITERAL_CONVERSION = YES;
				CLANG_WARN_OBJC_ROOT_CLASS = YES_ERROR;
				CLANG_WARN_RANGE_LOOP_ANALYSIS = YES;
				CLANG_WARN_STRICT_PROTOTYPES = YES;
				CLANG_WARN_SUSPICIOUS_MOVE = YES;
				CLANG_WARN_UNGUARDED_AVAILABILITY = YES_AGGRESSIVE;
				CLANG_WARN_UNREACHABLE_CODE = YES;
				CLANG_WARN__DUPLICATE_METHOD_MATCH = YES;
				CODE_SIGN_IDENTITY = "iPhone Developer";
				COPY_PHASE_STRIP = NO;
				DEBUG_INFORMATION_FORMAT = "dwarf-with-dsym";
				ENABLE_NS_ASSERTIONS = NO;
				ENABLE_STRICT_OBJC_MSGSEND = YES;
				GCC_C_LANGUAGE_STANDARD = gnu11;
				GCC_NO_COMMON_BLOCKS = YES;
				GCC_WARN_64_TO_32_BIT_CONVERSION = YES;
				GCC_WARN_ABOUT_RETURN_TYPE = YES_ERROR;
				GCC_WARN_UNDECLARED_SELECTOR = YES;
				GCC_WARN_UNINITIALIZED_AUTOS = YES_AGGRESSIVE;
				GCC_WARN_UNUSED_FUNCTION = YES;
				GCC_WARN_UNUSED_VARIABLE = YES;
				IPHONEOS_DEPLOYMENT_TARGET = 12.1;
				MTL_ENABLE_DEBUG_INFO = NO;
				MTL_FAST_MATH = YES;
				SDKROOT = iphoneos;
				SWIFT_COMPILATION_MODE = wholemodule;
				SWIFT_OPTIMIZATION_LEVEL = "-O";
				VALIDATE_PRODUCT = YES;
			};
			name = Release;
		};
		F9C301A5225D879200FAE5EF /* Debug */ = {
			isa = XCBuildConfiguration;
			buildSettings = {
				ASSETCATALOG_COMPILER_APPICON_NAME = AppIcon;
				CODE_SIGN_STYLE = Automatic;
				DEVELOPMENT_TEAM = 9PRS99ML5M;
				INFOPLIST_FILE = PhotoMaster/Info.plist;
				LD_RUNPATH_SEARCH_PATHS = (
					"$(inherited)",
					"@executable_path/Frameworks",
				);
				PRODUCT_BUNDLE_IDENTIFIER = com.litech.PhotoMaster;
				PRODUCT_NAME = "$(TARGET_NAME)";
				SWIFT_VERSION = 4.2;
				TARGETED_DEVICE_FAMILY = "1,2";
			};
			name = Debug;
		};
		F9C301A6225D879200FAE5EF /* Release */ = {
			isa = XCBuildConfiguration;
			buildSettings = {
				ASSETCATALOG_COMPILER_APPICON_NAME = AppIcon;
				CODE_SIGN_STYLE = Automatic;
				DEVELOPMENT_TEAM = 9PRS99ML5M;
				INFOPLIST_FILE = PhotoMaster/Info.plist;
				LD_RUNPATH_SEARCH_PATHS = (
					"$(inherited)",
					"@executable_path/Frameworks",
				);
				PRODUCT_BUNDLE_IDENTIFIER = com.litech.PhotoMaster;
				PRODUCT_NAME = "$(TARGET_NAME)";
				SWIFT_VERSION = 4.2;
				TARGETED_DEVICE_FAMILY = "1,2";
			};
			name = Release;
		};
		F9C301A8225D879200FAE5EF /* Debug */ = {
			isa = XCBuildConfiguration;
			buildSettings = {
				ALWAYS_EMBED_SWIFT_STANDARD_LIBRARIES = YES;
				BUNDLE_LOADER = "$(TEST_HOST)";
				CODE_SIGN_STYLE = Automatic;
				DEVELOPMENT_TEAM = 9PRS99ML5M;
				INFOPLIST_FILE = PhotoMasterTests/Info.plist;
				LD_RUNPATH_SEARCH_PATHS = (
					"$(inherited)",
					"@executable_path/Frameworks",
					"@loader_path/Frameworks",
				);
				PRODUCT_BUNDLE_IDENTIFIER = com.litech.PhotoMasterTests;
				PRODUCT_NAME = "$(TARGET_NAME)";
				SWIFT_VERSION = 4.2;
				TARGETED_DEVICE_FAMILY = "1,2";
				TEST_HOST = "$(BUILT_PRODUCTS_DIR)/PhotoMaster.app/PhotoMaster";
			};
			name = Debug;
		};
		F9C301A9225D879200FAE5EF /* Release */ = {
			isa = XCBuildConfiguration;
			buildSettings = {
				ALWAYS_EMBED_SWIFT_STANDARD_LIBRARIES = YES;
				BUNDLE_LOADER = "$(TEST_HOST)";
				CODE_SIGN_STYLE = Automatic;
				DEVELOPMENT_TEAM = 9PRS99ML5M;
				INFOPLIST_FILE = PhotoMasterTests/Info.plist;
				LD_RUNPATH_SEARCH_PATHS = (
					"$(inherited)",
					"@executable_path/Frameworks",
					"@loader_path/Frameworks",
				);
				PRODUCT_BUNDLE_IDENTIFIER = com.litech.PhotoMasterTests;
				PRODUCT_NAME = "$(TARGET_NAME)";
				SWIFT_VERSION = 4.2;
				TARGETED_DEVICE_FAMILY = "1,2";
				TEST_HOST = "$(BUILT_PRODUCTS_DIR)/PhotoMaster.app/PhotoMaster";
			};
			name = Release;
		};
		F9C301AB225D879200FAE5EF /* Debug */ = {
			isa = XCBuildConfiguration;
			buildSettings = {
				ALWAYS_EMBED_SWIFT_STANDARD_LIBRARIES = YES;
				CODE_SIGN_STYLE = Automatic;
				DEVELOPMENT_TEAM = 9PRS99ML5M;
				INFOPLIST_FILE = PhotoMasterUITests/Info.plist;
				LD_RUNPATH_SEARCH_PATHS = (
					"$(inherited)",
					"@executable_path/Frameworks",
					"@loader_path/Frameworks",
				);
				PRODUCT_BUNDLE_IDENTIFIER = com.litech.PhotoMasterUITests;
				PRODUCT_NAME = "$(TARGET_NAME)";
				SWIFT_VERSION = 4.2;
				TARGETED_DEVICE_FAMILY = "1,2";
				TEST_TARGET_NAME = PhotoMaster;
			};
			name = Debug;
		};
		F9C301AC225D879200FAE5EF /* Release */ = {
			isa = XCBuildConfiguration;
			buildSettings = {
				ALWAYS_EMBED_SWIFT_STANDARD_LIBRARIES = YES;
				CODE_SIGN_STYLE = Automatic;
				DEVELOPMENT_TEAM = 9PRS99ML5M;
				INFOPLIST_FILE = PhotoMasterUITests/Info.plist;
				LD_RUNPATH_SEARCH_PATHS = (
					"$(inherited)",
					"@executable_path/Frameworks",
					"@loader_path/Frameworks",
				);
				PRODUCT_BUNDLE_IDENTIFIER = com.litech.PhotoMasterUITests;
				PRODUCT_NAME = "$(TARGET_NAME)";
				SWIFT_VERSION = 4.2;
				TARGETED_DEVICE_FAMILY = "1,2";
				TEST_TARGET_NAME = PhotoMaster;
			};
			name = Release;
		};
/* End XCBuildConfiguration section */

/* Begin XCConfigurationList section */
		F9C30177225D879000FAE5EF /* Build configuration list for PBXProject "PhotoMaster" */ = {
			isa = XCConfigurationList;
			buildConfigurations = (
				F9C301A2225D879200FAE5EF /* Debug */,
				F9C301A3225D879200FAE5EF /* Release */,
			);
			defaultConfigurationIsVisible = 0;
			defaultConfigurationName = Release;
		};
		F9C301A4225D879200FAE5EF /* Build configuration list for PBXNativeTarget "PhotoMaster" */ = {
			isa = XCConfigurationList;
			buildConfigurations = (
				F9C301A5225D879200FAE5EF /* Debug */,
				F9C301A6225D879200FAE5EF /* Release */,
			);
			defaultConfigurationIsVisible = 0;
			defaultConfigurationName = Release;
		};
		F9C301A7225D879200FAE5EF /* Build configuration list for PBXNativeTarget "PhotoMasterTests" */ = {
			isa = XCConfigurationList;
			buildConfigurations = (
				F9C301A8225D879200FAE5EF /* Debug */,
				F9C301A9225D879200FAE5EF /* Release */,
			);
			defaultConfigurationIsVisible = 0;
			defaultConfigurationName = Release;
		};
		F9C301AA225D879200FAE5EF /* Build configuration list for PBXNativeTarget "PhotoMasterUITests" */ = {
			isa = XCConfigurationList;
			buildConfigurations = (
				F9C301AB225D879200FAE5EF /* Debug */,
				F9C301AC225D879200FAE5EF /* Release */,
			);
			defaultConfigurationIsVisible = 0;
			defaultConfigurationName = Release;
		};
/* End XCConfigurationList section */
	};
	rootObject = F9C30174225D879000FAE5EF /* Project object */;
}
